
Microsoft Visual Studio Solution File, Format Version 12.00
# Visual Studio 2013
VisualStudioVersion = 12.0.30501.0
MinimumVisualStudioVersion = 10.0.40219.1
Project("{FAE04EC0-301F-11D3-BF4B-00C04F79EFBC}") = "Chronic.Tests", "Chronic.Tests\Chronic.Tests.csproj", "{9892D0C7-C2F1-49AA-9153-48F29F24867B}"
EndProject
Project("{FAE04EC0-301F-11D3-BF4B-00C04F79EFBC}") = "Chronic", "Chronic\Chronic.csproj", "{3A5C2650-F416-441C-9E8A-F106E894E5EA}"
EndProject
Global
	GlobalSection(SolutionConfigurationPlatforms) = preSolution
		Debug|Any CPU = Debug|Any CPU
		Release|Any CPU = Release|Any CPU
	EndGlobalSection
	GlobalSection(ProjectConfigurationPlatforms) = postSolution
		{9892D0C7-C2F1-49AA-9153-48F29F24867B}.Debug|Any CPU.ActiveCfg = Debug|Any CPU
		{9892D0C7-C2F1-49AA-9153-48F29F24867B}.Debug|Any CPU.Build.0 = Debug|Any CPU
		{9892D0C7-C2F1-49AA-9153-48F29F24867B}.Release|Any CPU.ActiveCfg = Release|Any CPU
		{9892D0C7-C2F1-49AA-9153-48F29F24867B}.Release|Any CPU.Build.0 = Release|Any CPU
		{3A5C2650-F416-441C-9E8A-F106E894E5EA}.Debug|Any CPU.ActiveCfg = Debug|Any CPU
		{3A5C2650-F416-441C-9E8A-F106E894E5EA}.Debug|Any CPU.Build.0 = Debug|Any CPU
		{3A5C2650-F416-441C-9E8A-F106E894E5EA}.Release|Any CPU.ActiveCfg = Release|Any CPU
		{3A5C2650-F416-441C-9E8A-F106E894E5EA}.Release|Any CPU.Build.0 = Release|Any CPU
	EndGlobalSection
	GlobalSection(SolutionProperties) = preSolution
		HideSolutionNode = FALSE
	EndGlobalSection
EndGlobal
